{
  "nodes": {
    "nixpkgs": {
      "locked": {
        "lastModified": 1619196108,
        "narHash": "sha256-IQ9rTOBecscfUrU0qH9jpepsazyjo0q9R98R89dXAGQ=",
        "owner": "NixOS",
        "repo": "nixpkgs",
        "rev": "8d0340aee5caac3807c58ad7fa4ebdbbdd9134d6",
        "type": "github"
      },
      "original": {
        "id": "nixpkgs",
        "type": "indirect"
      }
    },
    "root": {
      "inputs": {
        "nixpkgs": "nixpkgs"
      }
    }
  },
  "root": "root",
  "version": 7
}
